<?xml version="1.0" encoding="utf-8"?>
<Project ToolsVersion="4.0" xmlns="http://schemas.microsoft.com/developer/msbuild/2003">
  <ItemGroup>
    <Filter Include="Graphics">
      <UniqueIdentifier>{97610c00-3e89-4b72-8750-7d1faff75d28}</UniqueIdentifier>
    </Filter>
    <Filter Include="ImGui">
      <UniqueIdentifier>{010f7256-7e02-4b02-9f26-78bf8858e2c3}</UniqueIdentifier>
    </Filter>
    <Filter Include="Editor">
      <UniqueIdentifier>{24b76987-8342-4dad-ab73-a97a0811a215}</UniqueIdentifier>
    </Filter>
    <Filter Include="Lighting">
      <UniqueIdentifier>{5403acbf-3130-42fe-8b23-d68fe19612a6}</UniqueIdentifier>
    </Filter>
    <Filter Include="Resource">
      <UniqueIdentifier>{75d74c46-06c2-4af2-9b75-33f61120005e}</UniqueIdentifier>
    </Filter>
    <Filter Include="Main">
      <UniqueIdentifier>{4FC737F1-C7A5-4376-A066-2A32D752A2FF}</UniqueIdentifier>
      <Extensions>cpp;c;cc;cxx;def;odl;idl;hpj;bat;asm;asmx</Extensions>
    </Filter>
    <Filter Include="GameObject">
      <UniqueIdentifier>{67096407-5e1f-4806-a423-55cde93093a0}</UniqueIdentifier>
    </Filter>
    <Filter Include="GamePlay">
      <UniqueIdentifier>{5faba501-d304-4250-93f8-f87ddd28f3f6}</UniqueIdentifier>
    </Filter>
    <Filter Include="Networking">
      <UniqueIdentifier>{552e8a94-3462-4bce-8215-9aa3d4d13897}</UniqueIdentifier>
    </Filter>
    <Filter Include="Time">
      <UniqueIdentifier>{cedd7a9e-6409-4332-8256-a75fe9e6c01b}</UniqueIdentifier>
    </Filter>
    <Filter Include="Physics">
      <UniqueIdentifier>{901a9f2e-8f60-4c4d-85f2-407102305efe}</UniqueIdentifier>
    </Filter>
    <Filter Include="UI">
      <UniqueIdentifier>{3b2b00aa-bb39-4eca-b078-0a579fade44a}</UniqueIdentifier>
    </Filter>
    <Filter Include="Exceptions">
      <UniqueIdentifier>{9e3b52b4-244d-418f-b56d-2a25d548b289}</UniqueIdentifier>
    </Filter>
    <Filter Include="Pipeline">
      <UniqueIdentifier>{ec876d30-b42e-4341-a2eb-f5fefbde4a55}</UniqueIdentifier>
    </Filter>
  </ItemGroup>
  <ItemGroup>
    <ClCompile Include="main.cpp">
      <Filter>Main</Filter>
    </ClCompile>
    <ClCompile Include="Camera.cpp">
      <Filter>Graphics</Filter>
    </ClCompile>
    <ClCompile Include="Material.cpp">
      <Filter>Graphics</Filter>
    </ClCompile>
    <ClCompile Include="Mesh.cpp">
      <Filter>Graphics</Filter>
    </ClCompile>
    <ClCompile Include="..\External Libs\GUI\imgui.cpp">
      <Filter>ImGui</Filter>
    </ClCompile>
    <ClCompile Include="..\External Libs\GUI\imgui_demo.cpp">
      <Filter>ImGui</Filter>
    </ClCompile>
    <ClCompile Include="..\External Libs\GUI\imgui_draw.cpp">
      <Filter>ImGui</Filter>
    </ClCompile>
    <ClCompile Include="..\External Libs\GUI\imgui_impl_glfw.cpp">
      <Filter>ImGui</Filter>
    </ClCompile>
    <ClCompile Include="..\External Libs\GUI\imgui_impl_opengl3.cpp">
      <Filter>ImGui</Filter>
    </ClCompile>
    <ClCompile Include="..\External Libs\GUI\imgui_impl_win32.cpp">
      <Filter>ImGui</Filter>
    </ClCompile>
    <ClCompile Include="..\External Libs\GUI\imgui_widgets.cpp">
      <Filter>ImGui</Filter>
    </ClCompile>
    <ClCompile Include="Shader.cpp">
      <Filter>Graphics</Filter>
    </ClCompile>
    <ClCompile Include="Light.cpp">
      <Filter>Lighting</Filter>
    </ClCompile>
    <ClCompile Include="PointLight.cpp">
      <Filter>Lighting</Filter>
    </ClCompile>
    <ClCompile Include="SpotLight.cpp">
      <Filter>Lighting</Filter>
    </ClCompile>
    <ClCompile Include="DirectionalLight.cpp">
      <Filter>Lighting</Filter>
    </ClCompile>
    <ClCompile Include="Model.cpp">
      <Filter>Graphics</Filter>
    </ClCompile>
    <ClCompile Include="Texture.cpp">
      <Filter>Graphics</Filter>
    </ClCompile>
    <ClCompile Include="Interface.cpp">
      <Filter>Editor</Filter>
    </ClCompile>
    <ClCompile Include="PostProcess.cpp">
      <Filter>Graphics</Filter>
    </ClCompile>
    <ClCompile Include="Skybox.cpp">
      <Filter>Lighting</Filter>
    </ClCompile>
    <ClCompile Include="Window.cpp">
      <Filter>Editor</Filter>
    </ClCompile>
    <ClCompile Include="Resource.cpp">
      <Filter>Resource</Filter>
    </ClCompile>
    <ClCompile Include="Render.cpp">
      <Filter>Pipeline</Filter>
    </ClCompile>
    <ClCompile Include="Lighting.cpp">
      <Filter>Lighting</Filter>
    </ClCompile>
    <ClCompile Include="ShadowMap.cpp">
      <Filter>Lighting</Filter>
    </ClCompile>
    <ClCompile Include="GameObjectManager.cpp">
      <Filter>GameObject</Filter>
    </ClCompile>
    <ClCompile Include="Game.cpp">
      <Filter>GamePlay</Filter>
    </ClCompile>
    <ClCompile Include="DeltaTime.cpp">
      <Filter>Time</Filter>
    </ClCompile>
    <ClCompile Include="Physics.cpp">
      <Filter>Physics</Filter>
    </ClCompile>
    <ClCompile Include="UIText.cpp">
      <Filter>UI</Filter>
    </ClCompile>
    <ClCompile Include="UIManager.cpp">
      <Filter>UI</Filter>
    </ClCompile>
    <ClCompile Include="NetworkManager.cpp">
      <Filter>Networking</Filter>
    </ClCompile>
    <ClCompile Include="Player.cpp">
      <Filter>Networking</Filter>
    </ClCompile>
    <ClCompile Include="Engine.cpp">
      <Filter>Main</Filter>
    </ClCompile>
    <ClCompile Include="Packet.cpp">
      <Filter>Networking</Filter>
    </ClCompile>
    <ClCompile Include="GameState.cpp">
      <Filter>GamePlay</Filter>
    </ClCompile>
    <ClCompile Include="UIImage.cpp">
      <Filter>UI</Filter>
    </ClCompile>
    <ClCompile Include="SocketAddress.cpp">
      <Filter>Networking</Filter>
    </ClCompile>
  </ItemGroup>
  <ItemGroup>
    <ClInclude Include="..\External Libs\GUI\imgui.h">
      <Filter>ImGui</Filter>
    </ClInclude>
    <ClInclude Include="..\External Libs\GUI\imgui_impl_glfw.h">
      <Filter>ImGui</Filter>
    </ClInclude>
    <ClInclude Include="..\External Libs\GUI\imgui_impl_opengl3.h">
      <Filter>ImGui</Filter>
    </ClInclude>
    <ClInclude Include="..\External Libs\GUI\imgui_impl_win32.h">
      <Filter>ImGui</Filter>
    </ClInclude>
    <ClInclude Include="..\External Libs\GUI\imgui_internal.h">
      <Filter>ImGui</Filter>
    </ClInclude>
    <ClInclude Include="..\External Libs\GUI\imstb_rectpack.h">
      <Filter>ImGui</Filter>
    </ClInclude>
    <ClInclude Include="..\External Libs\GUI\imstb_textedit.h">
      <Filter>ImGui</Filter>
    </ClInclude>
    <ClInclude Include="..\External Libs\GUI\imstb_truetype.h">
      <Filter>ImGui</Filter>
    </ClInclude>
    <ClInclude Include="Camera.h">
      <Filter>Graphics</Filter>
    </ClInclude>
    <ClInclude Include="Material.h">
      <Filter>Graphics</Filter>
    </ClInclude>
    <ClInclude Include="Mesh.h">
      <Filter>Graphics</Filter>
    </ClInclude>
    <ClInclude Include="Model.h">
      <Filter>Graphics</Filter>
    </ClInclude>
    <ClInclude Include="Light.h">
      <Filter>Lighting</Filter>
    </ClInclude>
    <ClInclude Include="DirectionalLight.h">
      <Filter>Lighting</Filter>
    </ClInclude>
    <ClInclude Include="PointLight.h">
      <Filter>Lighting</Filter>
    </ClInclude>
    <ClInclude Include="SpotLight.h">
      <Filter>Lighting</Filter>
    </ClInclude>
    <ClInclude Include="..\External Libs\GUI\imconfig.h">
      <Filter>ImGui</Filter>
    </ClInclude>
    <ClInclude Include="Interface.h">
      <Filter>Editor</Filter>
    </ClInclude>
    <ClInclude Include="Shader.h">
      <Filter>Graphics</Filter>
    </ClInclude>
    <ClInclude Include="PostProcess.h">
      <Filter>Graphics</Filter>
    </ClInclude>
    <ClInclude Include="Skybox.h">
      <Filter>Lighting</Filter>
    </ClInclude>
    <ClInclude Include="Window.h">
      <Filter>Editor</Filter>
    </ClInclude>
    <ClInclude Include="Texture.h">
      <Filter>Graphics</Filter>
    </ClInclude>
    <ClInclude Include="Resource.h">
      <Filter>Resource</Filter>
    </ClInclude>
    <ClInclude Include="Render.h">
      <Filter>Pipeline</Filter>
    </ClInclude>
    <ClInclude Include="Lighting.h">
      <Filter>Lighting</Filter>
    </ClInclude>
    <ClInclude Include="ShadowMap.h">
      <Filter>Lighting</Filter>
    </ClInclude>
    <ClInclude Include="CommonValues.h" />
    <ClInclude Include="GameObject.h">
      <Filter>GameObject</Filter>
    </ClInclude>
    <ClInclude Include="GameObjectManager.h">
      <Filter>GameObject</Filter>
    </ClInclude>
    <ClInclude Include="Game.h">
      <Filter>GamePlay</Filter>
    </ClInclude>
    <ClInclude Include="DeltaTime.h">
      <Filter>Time</Filter>
    </ClInclude>
    <ClInclude Include="Physics.h">
      <Filter>Physics</Filter>
    </ClInclude>
    <ClInclude Include="UIText.h">
      <Filter>UI</Filter>
    </ClInclude>
    <ClInclude Include="UIManager.h">
      <Filter>UI</Filter>
    </ClInclude>
    <ClInclude Include="Graphics.h">
      <Filter>Graphics</Filter>
    </ClInclude>
    <ClInclude Include="NetworkManager.h">
      <Filter>Networking</Filter>
    </ClInclude>
    <ClInclude Include="Exceptions.h">
      <Filter>Exceptions</Filter>
    </ClInclude>
    <ClInclude Include="Player.h">
      <Filter>Networking</Filter>
    </ClInclude>
    <ClInclude Include="Engine.h">
      <Filter>Main</Filter>
    </ClInclude>
    <ClInclude Include="Packet.h">
      <Filter>Networking</Filter>
    </ClInclude>
    <ClInclude Include="GameState.h">
      <Filter>GamePlay</Filter>
    </ClInclude>
    <ClInclude Include="Colors.h">
      <Filter>Graphics</Filter>
    </ClInclude>
    <ClInclude Include="UIImage.h">
      <Filter>UI</Filter>
    </ClInclude>
    <ClInclude Include="SocketAddress.h">
      <Filter>Networking</Filter>
    </ClInclude>
  </ItemGroup>
</Project>